Microsoft Visual Studio Solution File, Format Version 12.00
# Visual Studio Version 17
VisualStudioVersion = 17.5.2.0
MinimumVisualStudioVersion = 10.0.40219.1
Project("{2150E333-8FDC-42A3-9474-1A3956D46DE8}") = "web-api-controller-base", "web-api-controller-base", "{8A4AB0B7-94EE-EE62-BA2B-12654329943D}"
EndProject
Project("{FAE04EC0-301F-11D3-BF4B-00C04F79EFBC}") = "TodoApi", "web-api-controller-base\TodoApi\TodoApi.csproj", "{F7A38994-DEA9-130B-4063-D8477E35AD5B}"
EndProject
Global
	GlobalSection(SolutionConfigurationPlatforms) = preSolution
		Debug|Any CPU = Debug|Any CPU
		Release|Any CPU = Release|Any CPU
	EndGlobalSection
	GlobalSection(ProjectConfigurationPlatforms) = postSolution
		{F7A38994-DEA9-130B-4063-D8477E35AD5B}.Debug|Any CPU.ActiveCfg = Debug|Any CPU
		{F7A38994-DEA9-130B-4063-D8477E35AD5B}.Debug|Any CPU.Build.0 = Debug|Any CPU
		{F7A38994-DEA9-130B-4063-D8477E35AD5B}.Release|Any CPU.ActiveCfg = Release|Any CPU
		{F7A38994-DEA9-130B-4063-D8477E35AD5B}.Release|Any CPU.Build.0 = Release|Any CPU
	EndGlobalSection
	GlobalSection(SolutionProperties) = preSolution
		HideSolutionNode = FALSE
	EndGlobalSection
	GlobalSection(NestedProjects) = preSolution
		{F7A38994-DEA9-130B-4063-D8477E35AD5B} = {8A4AB0B7-94EE-EE62-BA2B-12654329943D}
	EndGlobalSection
	GlobalSection(ExtensibilityGlobals) = postSolution
		SolutionGuid = {2AD6B4BE-17D7-4B28-9F0B-5EDBB8F24E03}
	EndGlobalSection
EndGlobal
