
Microsoft Visual Studio Solution File, Format Version 12.00
# Visual Studio Version 17
VisualStudioVersion = 17.0.31903.59
MinimumVisualStudioVersion = 10.0.40219.1
Project("{FAE04EC0-301F-11D3-BF4B-00C04F79EFBC}") = "KafkaUserDemo.API", "KafkaUserDemo.API\KafkaUserDemo.API.csproj", "{A42799D0-5571-4A5E-A23E-BBB149744F75}"
EndProject
Project("{FAE04EC0-301F-11D3-BF4B-00C04F79EFBC}") = "KafkaUserDemo.Domain", "KafkaUserDemo.Domain\KafkaUserDemo.Domain.csproj", "{03E17101-9518-40C7-AC46-0246BBD3D34C}"
EndProject
Project("{FAE04EC0-301F-11D3-BF4B-00C04F79EFBC}") = "KafkaUserDemo.Consumer", "KafkaUserDemo.Consumer\KafkaUserDemo.Consumer.csproj", "{6BDA909A-2D51-455C-8FE9-EFD9F1445C23}"
EndProject
Global
	GlobalSection(SolutionConfigurationPlatforms) = preSolution
		Debug|Any CPU = Debug|Any CPU
		Release|Any CPU = Release|Any CPU
	EndGlobalSection
	GlobalSection(SolutionProperties) = preSolution
		HideSolutionNode = FALSE
	EndGlobalSection
	GlobalSection(ProjectConfigurationPlatforms) = postSolution
		{A42799D0-5571-4A5E-A23E-BBB149744F75}.Debug|Any CPU.ActiveCfg = Debug|Any CPU
		{A42799D0-5571-4A5E-A23E-BBB149744F75}.Debug|Any CPU.Build.0 = Debug|Any CPU
		{A42799D0-5571-4A5E-A23E-BBB149744F75}.Release|Any CPU.ActiveCfg = Release|Any CPU
		{A42799D0-5571-4A5E-A23E-BBB149744F75}.Release|Any CPU.Build.0 = Release|Any CPU
		{03E17101-9518-40C7-AC46-0246BBD3D34C}.Debug|Any CPU.ActiveCfg = Debug|Any CPU
		{03E17101-9518-40C7-AC46-0246BBD3D34C}.Debug|Any CPU.Build.0 = Debug|Any CPU
		{03E17101-9518-40C7-AC46-0246BBD3D34C}.Release|Any CPU.ActiveCfg = Release|Any CPU
		{03E17101-9518-40C7-AC46-0246BBD3D34C}.Release|Any CPU.Build.0 = Release|Any CPU
		{6BDA909A-2D51-455C-8FE9-EFD9F1445C23}.Debug|Any CPU.ActiveCfg = Debug|Any CPU
		{6BDA909A-2D51-455C-8FE9-EFD9F1445C23}.Debug|Any CPU.Build.0 = Debug|Any CPU
		{6BDA909A-2D51-455C-8FE9-EFD9F1445C23}.Release|Any CPU.ActiveCfg = Release|Any CPU
		{6BDA909A-2D51-455C-8FE9-EFD9F1445C23}.Release|Any CPU.Build.0 = Release|Any CPU
	EndGlobalSection
EndGlobal
